github.com/APoniatowski/funcmytemplate v0.0.0-20240110130259-865eba88596c h1:yElS18Fl7+fwfNialvuwAvoVXGpeEKkeg8HObQAAvB8=
github.com/APoniatowski/funcmytemplate v0.0.0-20240110130259-865eba88596c/go.mod h1:d6IWMKOFbDyEPb46miTukA2c/4yHFahDC9wm5e/6EOE=
github.com/APoniatowski/funcmytemplate v0.0.0-20240110143439-17e3c491bc24 h1:NRHvcTrdLDGqIDZjv2MuJNY0PprM6ACRKnA/tsd8o+Q=
github.com/APoniatowski/funcmytemplate v0.0.0-20240110143439-17e3c491bc24/go.mod h1:tqKoI45hWjf3WoZyVOqoEIbweiD2KNM2qCfranE/fJY=
